Microsoft Visual Studio Solution File, Format Version 12.00
# Visual Studio 2013
VisualStudioVersion = 12.0.31101.0
MinimumVisualStudioVersion = 10.0.40219.1
Project("{F184B08F-C81C-45F6-A57F-5ABD9991F28F}") = "ConsoleApp", "Tutorials\ConsoleApp\vb\src\ConsoleApp.vbproj", "{41B855A4-F3BF-43F8-BE6F-2ABD5E5C8D42}"
EndProject
Project("{E24C65DC-7377-472B-9ABA-BC803B73C61A}") = "WebApp", "http://localhost/WebAppVB/WebApp.vbproj", "{4CEA8E96-BF74-488D-9967-EAB779EF430A}"
EndProject
Project("{F184B08F-C81C-45F6-A57F-5ABD9991F28F}") = "SharedModule", "Repository\SharedModule\vb\src\SharedModule.vbproj", "{8F84B3EA-34F7-40ED-8A04-895EFC37C38D}"
EndProject
Project("{F184B08F-C81C-45F6-A57F-5ABD9991F28F}") = "SimpleApp", "Repository\SimpleApp\vb\src\SimpleApp.vbproj", "{912A9564-F435-444B-905F-1FD8B69C48D7}"
EndProject
Project("{F184B08F-C81C-45F6-A57F-5ABD9991F28F}") = "SimpleModule", "Repository\SimpleModule\vb\src\SimpleModule.vbproj", "{2BDB262A-3B90-418E-9C6A-322A4B0C287A}"
EndProject
Project("{F184B08F-C81C-45F6-A57F-5ABD9991F28F}") = "NotLogging", "Performance\NotLogging\vb\src\NotLogging.vbproj", "{4ED8A816-5051-4494-AEE5-C54E18F59FD8}"
EndProject
Global
	GlobalSection(SolutionConfigurationPlatforms) = preSolution
		Debug|Default = Debug|Default
		Release|Default = Release|Default
	EndGlobalSection
	GlobalSection(ProjectConfigurationPlatforms) = postSolution
		{41B855A4-F3BF-43F8-BE6F-2ABD5E5C8D42}.Debug|Default.ActiveCfg = Debug|Any CPU
		{41B855A4-F3BF-43F8-BE6F-2ABD5E5C8D42}.Debug|Default.Build.0 = Debug|Any CPU
		{41B855A4-F3BF-43F8-BE6F-2ABD5E5C8D42}.Release|Default.ActiveCfg = Release|Any CPU
		{41B855A4-F3BF-43F8-BE6F-2ABD5E5C8D42}.Release|Default.Build.0 = Release|Any CPU
		{4CEA8E96-BF74-488D-9967-EAB779EF430A}.Debug|Default.ActiveCfg = Debug|.NET
		{4CEA8E96-BF74-488D-9967-EAB779EF430A}.Debug|Default.Build.0 = Debug|.NET
		{4CEA8E96-BF74-488D-9967-EAB779EF430A}.Release|Default.ActiveCfg = Release|.NET
		{4CEA8E96-BF74-488D-9967-EAB779EF430A}.Release|Default.Build.0 = Release|.NET
		{8F84B3EA-34F7-40ED-8A04-895EFC37C38D}.Debug|Default.ActiveCfg = Debug|Any CPU
		{8F84B3EA-34F7-40ED-8A04-895EFC37C38D}.Debug|Default.Build.0 = Debug|Any CPU
		{8F84B3EA-34F7-40ED-8A04-895EFC37C38D}.Release|Default.ActiveCfg = Release|Any CPU
		{8F84B3EA-34F7-40ED-8A04-895EFC37C38D}.Release|Default.Build.0 = Release|Any CPU
		{912A9564-F435-444B-905F-1FD8B69C48D7}.Debug|Default.ActiveCfg = Debug|Any CPU
		{912A9564-F435-444B-905F-1FD8B69C48D7}.Debug|Default.Build.0 = Debug|Any CPU
		{912A9564-F435-444B-905F-1FD8B69C48D7}.Release|Default.ActiveCfg = Release|Any CPU
		{912A9564-F435-444B-905F-1FD8B69C48D7}.Release|Default.Build.0 = Release|Any CPU
		{2BDB262A-3B90-418E-9C6A-322A4B0C287A}.Debug|Default.ActiveCfg = Debug|Any CPU
		{2BDB262A-3B90-418E-9C6A-322A4B0C287A}.Debug|Default.Build.0 = Debug|Any CPU
		{2BDB262A-3B90-418E-9C6A-322A4B0C287A}.Release|Default.ActiveCfg = Release|Any CPU
		{2BDB262A-3B90-418E-9C6A-322A4B0C287A}.Release|Default.Build.0 = Release|Any CPU
		{4ED8A816-5051-4494-AEE5-C54E18F59FD8}.Debug|Default.ActiveCfg = Debug|Any CPU
		{4ED8A816-5051-4494-AEE5-C54E18F59FD8}.Debug|Default.Build.0 = Debug|Any CPU
		{4ED8A816-5051-4494-AEE5-C54E18F59FD8}.Release|Default.ActiveCfg = Release|Any CPU
		{4ED8A816-5051-4494-AEE5-C54E18F59FD8}.Release|Default.Build.0 = Release|Any CPU
	EndGlobalSection
	GlobalSection(SolutionProperties) = preSolution
		HideSolutionNode = FALSE
	EndGlobalSection
EndGlobal
